
Microsoft Visual Studio Solution File, Format Version 12.00
# Visual Studio Version 17
VisualStudioVersion = 17.4.33110.190
MinimumVisualStudioVersion = 10.0.40219.1
Project("{FAE04EC0-301F-11D3-BF4B-00C04F79EFBC}") = "VaticanLibrary.UI", "VaticanLibrary.UI\VaticanLibrary.UI.csproj", "{DFCA1B40-E7B6-4D7C-87CF-E176358FD5AA}"
EndProject
Project("{FAE04EC0-301F-11D3-BF4B-00C04F79EFBC}") = "VaticanLibrary.Core", "VaticanLibrary.Core\VaticanLibrary.Core.csproj", "{6302E3E4-12AC-465D-8845-5C4778DCACE6}"
EndProject
Project("{FAE04EC0-301F-11D3-BF4B-00C04F79EFBC}") = "VaticanLibrary.Core.Mock", "VaticanLibrary.Core.Mock\VaticanLibrary.Core.Mock.csproj", "{FE0970AB-958F-4B7A-9C8A-F132E8988FDB}"
EndProject
Global
	GlobalSection(SolutionConfigurationPlatforms) = preSolution
		Debug|Any CPU = Debug|Any CPU
		Release|Any CPU = Release|Any CPU
	EndGlobalSection
	GlobalSection(ProjectConfigurationPlatforms) = postSolution
		{DFCA1B40-E7B6-4D7C-87CF-E176358FD5AA}.Debug|Any CPU.ActiveCfg = Debug|Any CPU
		{DFCA1B40-E7B6-4D7C-87CF-E176358FD5AA}.Debug|Any CPU.Build.0 = Debug|Any CPU
		{DFCA1B40-E7B6-4D7C-87CF-E176358FD5AA}.Release|Any CPU.ActiveCfg = Release|Any CPU
		{DFCA1B40-E7B6-4D7C-87CF-E176358FD5AA}.Release|Any CPU.Build.0 = Release|Any CPU
		{6302E3E4-12AC-465D-8845-5C4778DCACE6}.Debug|Any CPU.ActiveCfg = Debug|Any CPU
		{6302E3E4-12AC-465D-8845-5C4778DCACE6}.Debug|Any CPU.Build.0 = Debug|Any CPU
		{6302E3E4-12AC-465D-8845-5C4778DCACE6}.Release|Any CPU.ActiveCfg = Release|Any CPU
		{6302E3E4-12AC-465D-8845-5C4778DCACE6}.Release|Any CPU.Build.0 = Release|Any CPU
		{FE0970AB-958F-4B7A-9C8A-F132E8988FDB}.Debug|Any CPU.ActiveCfg = Debug|Any CPU
		{FE0970AB-958F-4B7A-9C8A-F132E8988FDB}.Debug|Any CPU.Build.0 = Debug|Any CPU
		{FE0970AB-958F-4B7A-9C8A-F132E8988FDB}.Release|Any CPU.ActiveCfg = Release|Any CPU
		{FE0970AB-958F-4B7A-9C8A-F132E8988FDB}.Release|Any CPU.Build.0 = Release|Any CPU
	EndGlobalSection
	GlobalSection(SolutionProperties) = preSolution
		HideSolutionNode = FALSE
	EndGlobalSection
	GlobalSection(ExtensibilityGlobals) = postSolution
		SolutionGuid = {55762DE2-385F-4C28-87FF-021AEE33A155}
	EndGlobalSection
EndGlobal
